// !$*UTF8*$!
{
	archiveVersion = 1;
	classes = {
	};
	objectVersion = 46;
	objects = {

/* Begin PBXBuildFile section */
		8814A4881D6C8A260007537E /* AppDelegate.swift in Sources */ = {isa = PBXBuildFile; fileRef = 8814A4871D6C8A260007537E /* AppDelegate.swift */; };
		8814A48A1D6C8A260007537E /* ViewController.swift in Sources */ = {isa = PBXBuildFile; fileRef = 8814A4891D6C8A260007537E /* ViewController.swift */; };
		8814A48D1D6C8A260007537E /* Main.storyboard in Resources */ = {isa = PBXBuildFile; fileRef = 8814A48B1D6C8A260007537E /* Main.storyboard */; };
		8814A48F1D6C8A260007537E /* Assets.xcassets in Resources */ = {isa = PBXBuildFile; fileRef = 8814A48E1D6C8A260007537E /* Assets.xcassets */; };
		8814A4921D6C8A260007537E /* LaunchScreen.storyboard in Resources */ = {isa = PBXBuildFile; fileRef = 8814A4901D6C8A260007537E /* LaunchScreen.storyboard */; };
		8814A49D1D6C8A260007537E /* tic_tac_toeTests.swift in Sources */ = {isa = PBXBuildFile; fileRef = 8814A49C1D6C8A260007537E /* tic_tac_toeTests.swift */; };
/* End PBXBuildFile section */

/* Begin PBXContainerItemProxy section */
		8814A4991D6C8A260007537E /* PBXContainerItemProxy */ = {
			isa = PBXContainerItemProxy;
			containerPortal = 8814A47C1D6C8A260007537E /* Project object */;
			proxyType = 1;
			remoteGlobalIDString = 8814A4831D6C8A260007537E;
			remoteInfo = "tic-tac-toe";
		};
/* End PBXContainerItemProxy section */

/* Begin PBXFileReference section */
		8814A4841D6C8A260007537E /* tic-tac-toe.app */ = {isa = PBXFileReference; explicitFileType = wrapper.application; includeInIndex = 0; path = "tic-tac-toe.app"; sourceTree = BUILT_PRODUCTS_DIR; };
		8814A4871D6C8A260007537E /* AppDelegate.swift */ = {isa = PBXFileReference; lastKnownFileType = sourcecode.swift; path = AppDelegate.swift; sourceTree = "<group>"; };
		8814A4891D6C8A260007537E /* ViewController.swift */ = {isa = PBXFileReference; lastKnownFileType = sourcecode.swift; path = ViewController.swift; sourceTree = "<group>"; };
		8814A48C1D6C8A260007537E /* Base */ = {isa = PBXFileReference; lastKnownFileType = file.storyboard; name = Base; path = Base.lproj/Main.storyboard; sourceTree = "<group>"; };
		8814A48E1D6C8A260007537E /* Assets.xcassets */ = {isa = PBXFileReference; lastKnownFileType = folder.assetcatalog; path = Assets.xcassets; sourceTree = "<group>"; };
		8814A4911D6C8A260007537E /* Base */ = {isa = PBXFileReference; lastKnownFileType = file.storyboard; name = Base; path = Base.lproj/LaunchScreen.storyboard; sourceTree = "<group>"; };
		8814A4931D6C8A260007537E /* Info.plist */ = {isa = PBXFileReference; lastKnownFileType = text.plist.xml; path = Info.plist; sourceTree = "<group>"; };
		8814A4981D6C8A260007537E /* tic-tac-toeTests.xctest */ = {isa = PBXFileReference; explicitFileType = wrapper.cfbundle; includeInIndex = 0; path = "tic-tac-toeTests.xctest"; sourceTree = BUILT_PRODUCTS_DIR; };
		8814A49C1D6C8A260007537E /* tic_tac_toeTests.swift */ = {isa = PBXFileReference; lastKnownFileType = sourcecode.swift; path = tic_tac_toeTests.swift; sourceTree = "<group>"; };
		8814A49E1D6C8A260007537E /* Info.plist */ = {isa = PBXFileReference; lastKnownFileType = text.plist.xml; path = Info.plist; sourceTree = "<group>"; };
/* End PBXFileReference section */

/* Begin PBXFrameworksBuildPhase section */
		8814A4811D6C8A260007537E /* Frameworks */ = {
			isa = PBXFrameworksBuildPhase;
			buildActionMask = 2147483647;
			files = (
			);
			runOnlyForDeploymentPostprocessing = 0;
		};
		8814A4951D6C8A260007537E /* Frameworks */ = {
			isa = PBXFrameworksBuildPhase;
			buildActionMask = 2147483647;
			files = (
			);
			runOnlyForDeploymentPostprocessing = 0;
		};
/* End PBXFrameworksBuildPhase section */

/* Begin PBXGroup section */
		8814A47B1D6C8A260007537E = {
			isa = PBXGroup;
			children = (
				8814A4861D6C8A260007537E /* tic-tac-toe */,
				8814A49B1D6C8A260007537E /* tic-tac-toeTests */,
				8814A4851D6C8A260007537E /* Products */,
			);
			sourceTree = "<group>";
		};
		8814A4851D6C8A260007537E /* Products */ = {
			isa = PBXGroup;
			children = (
				8814A4841D6C8A260007537E /* tic-tac-toe.app */,
				8814A4981D6C8A260007537E /* tic-tac-toeTests.xctest */,
			);
			name = Products;
			sourceTree = "<group>";
		};
		8814A4861D6C8A260007537E /* tic-tac-toe */ = {
			isa = PBXGroup;
			children = (
				8814A4871D6C8A260007537E /* AppDelegate.swift */,
				8814A4891D6C8A260007537E /* ViewController.swift */,
				8814A48B1D6C8A260007537E /* Main.storyboard */,
				8814A48E1D6C8A260007537E /* Assets.xcassets */,
				8814A4901D6C8A260007537E /* LaunchScreen.storyboard */,
				8814A4931D6C8A260007537E /* Info.plist */,
			);
			path = "tic-tac-toe";
			sourceTree = "<group>";
		};
		8814A49B1D6C8A260007537E /* tic-tac-toeTests */ = {
			isa = PBXGroup;
			children = (
				8814A49C1D6C8A260007537E /* tic_tac_toeTests.swift */,
				8814A49E1D6C8A260007537E /* Info.plist */,
			);
			path = "tic-tac-toeTests";
			sourceTree = "<group>";
		};
/* End PBXGroup section */

/* Begin PBXNativeTarget section */
		8814A4831D6C8A260007537E /* tic-tac-toe */ = {
			isa = PBXNativeTarget;
			buildConfigurationList = 8814A4A11D6C8A260007537E /* Build configuration list for PBXNativeTarget "tic-tac-toe" */;
			buildPhases = (
				8814A4801D6C8A260007537E /* Sources */,
				8814A4811D6C8A260007537E /* Frameworks */,
				8814A4821D6C8A260007537E /* Resources */,
			);
			buildRules = (
			);
			dependencies = (
			);
			name = "tic-tac-toe";
			productName = "tic-tac-toe";
			productReference = 8814A4841D6C8A260007537E /* tic-tac-toe.app */;
			productType = "com.apple.product-type.application";
		};
		8814A4971D6C8A260007537E /* tic-tac-toeTests */ = {
			isa = PBXNativeTarget;
			buildConfigurationList = 8814A4A41D6C8A260007537E /* Build configuration list for PBXNativeTarget "tic-tac-toeTests" */;
			buildPhases = (
				8814A4941D6C8A260007537E /* Sources */,
				8814A4951D6C8A260007537E /* Frameworks */,
				8814A4961D6C8A260007537E /* Resources */,
			);
			buildRules = (
			);
			dependencies = (
				8814A49A1D6C8A260007537E /* PBXTargetDependency */,
			);
			name = "tic-tac-toeTests";
			productName = "tic-tac-toeTests";
			productReference = 8814A4981D6C8A260007537E /* tic-tac-toeTests.xctest */;
			productType = "com.apple.product-type.bundle.unit-test";
		};
/* End PBXNativeTarget section */

/* Begin PBXProject section */
		8814A47C1D6C8A260007537E /* Project object */ = {
			isa = PBXProject;
			attributes = {
				LastSwiftUpdateCheck = 0730;
				LastUpgradeCheck = 0730;
				ORGANIZATIONNAME = "Vadim Bulavin";
				TargetAttributes = {
					8814A4831D6C8A260007537E = {
						CreatedOnToolsVersion = 7.3.1;
					};
					8814A4971D6C8A260007537E = {
						CreatedOnToolsVersion = 7.3.1;
						TestTargetID = 8814A4831D6C8A260007537E;
					};
				};
			};
			buildConfigurationList = 8814A47F1D6C8A260007537E /* Build configuration list for PBXProject "tic-tac-toe" */;
			compatibilityVersion = "Xcode 3.2";
			developmentRegion = English;
			hasScannedForEncodings = 0;
			knownRegions = (
				en,
				Base,
			);
			mainGroup = 8814A47B1D6C8A260007537E;
			productRefGroup = 8814A4851D6C8A260007537E /* Products */;
			projectDirPath = "";
			projectRoot = "";
			targets = (
				8814A4831D6C8A260007537E /* tic-tac-toe */,
				8814A4971D6C8A260007537E /* tic-tac-toeTests */,
			);
		};
/* End PBXProject section */

/* Begin PBXResourcesBuildPhase section */
		8814A4821D6C8A260007537E /* Resources */ = {
			isa = PBXResourcesBuildPhase;
			buildActionMask = 2147483647;
			files = (
				8814A4921D6C8A260007537E /* LaunchScreen.storyboard in Resources */,
				8814A48F1D6C8A260007537E /* Assets.xcassets in Resources */,
				8814A48D1D6C8A260007537E /* Main.storyboard in Resources */,
			);
			runOnlyForDeploymentPostprocessing = 0;
		};
		8814A4961D6C8A260007537E /* Resources */ = {
			isa = PBXResourcesBuildPhase;
			buildActionMask = 2147483647;
			files = (
			);
			runOnlyForDeploymentPostprocessing = 0;
		};
/* End PBXResourcesBuildPhase section */

/* Begin PBXSourcesBuildPhase section */
		8814A4801D6C8A260007537E /* Sources */ = {
			isa = PBXSourcesBuildPhase;
			buildActionMask = 2147483647;
			files = (
				8814A48A1D6C8A260007537E /* ViewController.swift in Sources */,
				8814A4881D6C8A260007537E /* AppDelegate.swift in Sources */,
			);
			runOnlyForDeploymentPostprocessing = 0;
		};
		8814A4941D6C8A260007537E /* Sources */ = {
			isa = PBXSourcesBuildPhase;
			buildActionMask = 2147483647;
			files = (
				8814A49D1D6C8A260007537E /* tic_tac_toeTests.swift in Sources */,
			);
			runOnlyForDeploymentPostprocessing = 0;
		};
/* End PBXSourcesBuildPhase section */

/* Begin PBXTargetDependency section */
		8814A49A1D6C8A260007537E /* PBXTargetDependency */ = {
			isa = PBXTargetDependency;
			target = 8814A4831D6C8A260007537E /* tic-tac-toe */;
			targetProxy = 8814A4991D6C8A260007537E /* PBXContainerItemProxy */;
		};
/* End PBXTargetDependency section */

/* Begin PBXVariantGroup section */
		8814A48B1D6C8A260007537E /* Main.storyboard */ = {
			isa = PBXVariantGroup;
			children = (
				8814A48C1D6C8A260007537E /* Base */,
			);
			name = Main.storyboard;
			sourceTree = "<group>";
		};
		8814A4901D6C8A260007537E /* LaunchScreen.storyboard */ = {
			isa = PBXVariantGroup;
			children = (
				8814A4911D6C8A260007537E /* Base */,
			);
			name = LaunchScreen.storyboard;
			sourceTree = "<group>";
		};
/* End PBXVariantGroup section */

/* Begin XCBuildConfiguration section */
		8814A49F1D6C8A260007537E /* Debug */ = {
			isa = XCBuildConfiguration;
			buildSettings = {
				ALWAYS_SEARCH_USER_PATHS = NO;
				CLANG_ANALYZER_NONNULL = YES;
				CLANG_CXX_LANGUAGE_STANDARD = "gnu++0x";
				CLANG_CXX_LIBRARY = "libc++";
				CLANG_ENABLE_MODULES = YES;
				CLANG_ENABLE_OBJC_ARC = YES;
				CLANG_WARN_BOOL_CONVERSION = YES;
				CLANG_WARN_CONSTANT_CONVERSION = YES;
				CLANG_WARN_DIRECT_OBJC_ISA_USAGE = YES_ERROR;
				CLANG_WARN_EMPTY_BODY = YES;
				CLANG_WARN_ENUM_CONVERSION = YES;
				CLANG_WARN_INT_CONVERSION = YES;
				CLANG_WARN_OBJC_ROOT_CLASS = YES_ERROR;
				CLANG_WARN_UNREACHABLE_CODE = YES;
				CLANG_WARN__DUPLICATE_METHOD_MATCH = YES;
				"CODE_SIGN_IDENTITY[sdk=iphoneos*]" = "iPhone Developer";
				COPY_PHASE_STRIP = NO;
				DEBUG_INFORMATION_FORMAT = dwarf;
				ENABLE_STRICT_OBJC_MSGSEND = YES;
				ENABLE_TESTABILITY = YES;
				GCC_C_LANGUAGE_STANDARD = gnu99;
				GCC_DYNAMIC_NO_PIC = NO;
				GCC_NO_COMMON_BLOCKS = YES;
				GCC_OPTIMIZATION_LEVEL = 0;
				GCC_PREPROCESSOR_DEFINITIONS = (
					"DEBUG=1",
					"$(inherited)",
				);
				GCC_WARN_64_TO_32_BIT_CONVERSION = YES;
				GCC_WARN_ABOUT_RETURN_TYPE = YES_ERROR;
				GCC_WARN_UNDECLARED_SELECTOR = YES;
				GCC_WARN_UNINITIALIZED_AUTOS = YES_AGGRESSIVE;
				GCC_WARN_UNUSED_FUNCTION = YES;
				GCC_WARN_UNUSED_VARIABLE = YES;
				IPHONEOS_DEPLOYMENT_TARGET = 9.3;
				MTL_ENABLE_DEBUG_INFO = YES;
				ONLY_ACTIVE_ARCH = YES;
				SDKROOT = iphoneos;
				SWIFT_OPTIMIZATION_LEVEL = "-Onone";
				TARGETED_DEVICE_FAMILY = "1,2";
			};
			name = Debug;
		};
		8814A4A01D6C8A260007537E /* Release */ = {
			isa = XCBuildConfiguration;
			buildSettings = {
				ALWAYS_SEARCH_USER_PATHS = NO;
				CLANG_ANALYZER_NONNULL = YES;
				CLANG_CXX_LANGUAGE_STANDARD = "gnu++0x";
				CLANG_CXX_LIBRARY = "libc++";
				CLANG_ENABLE_MODULES = YES;
				CLANG_ENABLE_OBJC_ARC = YES;
				CLANG_WARN_BOOL_CONVERSION = YES;
				CLANG_WARN_CONSTANT_CONVERSION = YES;
				CLANG_WARN_DIRECT_OBJC_ISA_USAGE = YES_ERROR;
				CLANG_WARN_EMPTY_BODY = YES;
				CLANG_WARN_ENUM_CONVERSION = YES;
				CLANG_WARN_INT_CONVERSION = YES;
				CLANG_WARN_OBJC_ROOT_CLASS = YES_ERROR;
				CLANG_WARN_UNREACHABLE_CODE = YES;
				CLANG_WARN__DUPLICATE_METHOD_MATCH = YES;
				"CODE_SIGN_IDENTITY[sdk=iphoneos*]" = "iPhone Developer";
				COPY_PHASE_STRIP = NO;
				DEBUG_INFORMATION_FORMAT = "dwarf-with-dsym";
				ENABLE_NS_ASSERTIONS = NO;
				ENABLE_STRICT_OBJC_MSGSEND = YES;
				GCC_C_LANGUAGE_STANDARD = gnu99;
				GCC_NO_COMMON_BLOCKS = YES;
				GCC_WARN_64_TO_32_BIT_CONVERSION = YES;
				GCC_WARN_ABOUT_RETURN_TYPE = YES_ERROR;
				GCC_WARN_UNDECLARED_SELECTOR = YES;
				GCC_WARN_UNINITIALIZED_AUTOS = YES_AGGRESSIVE;
				GCC_WARN_UNUSED_FUNCTION = YES;
				GCC_WARN_UNUSED_VARIABLE = YES;
				IPHONEOS_DEPLOYMENT_TARGET = 9.3;
				MTL_ENABLE_DEBUG_INFO = NO;
				SDKROOT = iphoneos;
				TARGETED_DEVICE_FAMILY = "1,2";
				VALIDATE_PRODUCT = YES;
			};
			name = Release;
		};
		8814A4A21D6C8A260007537E /* Debug */ = {
			isa = XCBuildConfiguration;
			buildSettings = {
				ASSETCATALOG_COMPILER_APPICON_NAME = AppIcon;
				INFOPLIST_FILE = "tic-tac-toe/Info.plist";
				LD_RUNPATH_SEARCH_PATHS = "$(inherited) @executable_path/Frameworks";
				PRODUCT_BUNDLE_IDENTIFIER = "v8tr.tic-tac-toe";
				PRODUCT_NAME = "$(TARGET_NAME)";
			};
			name = Debug;
		};
		8814A4A31D6C8A260007537E /* Release */ = {
			isa = XCBuildConfiguration;
			buildSettings = {
				ASSETCATALOG_COMPILER_APPICON_NAME = AppIcon;
				INFOPLIST_FILE = "tic-tac-toe/Info.plist";
				LD_RUNPATH_SEARCH_PATHS = "$(inherited) @executable_path/Frameworks";
				PRODUCT_BUNDLE_IDENTIFIER = "v8tr.tic-tac-toe";
				PRODUCT_NAME = "$(TARGET_NAME)";
			};
			name = Release;
		};
		8814A4A51D6C8A260007537E /* Debug */ = {
			isa = XCBuildConfiguration;
			buildSettings = {
				BUNDLE_LOADER = "$(TEST_HOST)";
				INFOPLIST_FILE = "tic-tac-toeTests/Info.plist";
				LD_RUNPATH_SEARCH_PATHS = "$(inherited) @executable_path/Frameworks @loader_path/Frameworks";
				PRODUCT_BUNDLE_IDENTIFIER = "v8tr.tic-tac-toeTests";
				PRODUCT_NAME = "$(TARGET_NAME)";
				TEST_HOST = "$(BUILT_PRODUCTS_DIR)/tic-tac-toe.app/tic-tac-toe";
			};
			name = Debug;
		};
		8814A4A61D6C8A260007537E /* Release */ = {
			isa = XCBuildConfiguration;
			buildSettings = {
				BUNDLE_LOADER = "$(TEST_HOST)";
				INFOPLIST_FILE = "tic-tac-toeTests/Info.plist";
				LD_RUNPATH_SEARCH_PATHS = "$(inherited) @executable_path/Frameworks @loader_path/Frameworks";
				PRODUCT_BUNDLE_IDENTIFIER = "v8tr.tic-tac-toeTests";
				PRODUCT_NAME = "$(TARGET_NAME)";
				TEST_HOST = "$(BUILT_PRODUCTS_DIR)/tic-tac-toe.app/tic-tac-toe";
			};
			name = Release;
		};
/* End XCBuildConfiguration section */

/* Begin XCConfigurationList section */
		8814A47F1D6C8A260007537E /* Build configuration list for PBXProject "tic-tac-toe" */ = {
			isa = XCConfigurationList;
			buildConfigurations = (
				8814A49F1D6C8A260007537E /* Debug */,
				8814A4A01D6C8A260007537E /* Release */,
			);
			defaultConfigurationIsVisible = 0;
			defaultConfigurationName = Release;
		};
		8814A4A11D6C8A260007537E /* Build configuration list for PBXNativeTarget "tic-tac-toe" */ = {
			isa = XCConfigurationList;
			buildConfigurations = (
				8814A4A21D6C8A260007537E /* Debug */,
				8814A4A31D6C8A260007537E /* Release */,
			);
			defaultConfigurationIsVisible = 0;
		};
		8814A4A41D6C8A260007537E /* Build configuration list for PBXNativeTarget "tic-tac-toeTests" */ = {
			isa = XCConfigurationList;
			buildConfigurations = (
				8814A4A51D6C8A260007537E /* Debug */,
				8814A4A61D6C8A260007537E /* Release */,
			);
			defaultConfigurationIsVisible = 0;
		};
/* End XCConfigurationList section */
	};
	rootObject = 8814A47C1D6C8A260007537E /* Project object */;
}
